
Microsoft Visual Studio Solution File, Format Version 12.00
# Visual Studio Version 17
VisualStudioVersion = 17.11.35303.130
MinimumVisualStudioVersion = 10.0.40219.1
Project("{FAE04EC0-301F-11D3-BF4B-00C04F79EFBC}") = "MICHIPEDIA_CS_REST_NoSQL_API", "MICHIPEDIA_CS_REST_NoSQL_API\MICHIPEDIA_CS_REST_NoSQL_API.csproj", "{8A169092-67C7-4697-8D11-8BA649D47AA1}"
EndProject
Global
	GlobalSection(SolutionConfigurationPlatforms) = preSolution
		Debug|Any CPU = Debug|Any CPU
		Release|Any CPU = Release|Any CPU
	EndGlobalSection
	GlobalSection(ProjectConfigurationPlatforms) = postSolution
		{8A169092-67C7-4697-8D11-8BA649D47AA1}.Debug|Any CPU.ActiveCfg = Debug|Any CPU
		{8A169092-67C7-4697-8D11-8BA649D47AA1}.Debug|Any CPU.Build.0 = Debug|Any CPU
		{8A169092-67C7-4697-8D11-8BA649D47AA1}.Release|Any CPU.ActiveCfg = Release|Any CPU
		{8A169092-67C7-4697-8D11-8BA649D47AA1}.Release|Any CPU.Build.0 = Release|Any CPU
	EndGlobalSection
	GlobalSection(SolutionProperties) = preSolution
		HideSolutionNode = FALSE
	EndGlobalSection
	GlobalSection(ExtensibilityGlobals) = postSolution
		SolutionGuid = {D48E0898-6D9D-4499-A4F5-54C75D22D2BE}
	EndGlobalSection
EndGlobal
